
Microsoft Visual Studio Solution File, Format Version 12.00
# Visual Studio Version 16
VisualStudioVersion = 16.0.30907.101
MinimumVisualStudioVersion = 10.0.40219.1
Project("{FAE04EC0-301F-11D3-BF4B-00C04F79EFBC}") = "DictionaryIntro", "DictionaryIntro.csproj", "{F6553C4C-B7CB-44CA-BBCA-8109969FD2BF}"
EndProject
Global
	GlobalSection(SolutionConfigurationPlatforms) = preSolution
		Debug|Any CPU = Debug|Any CPU
		Release|Any CPU = Release|Any CPU
	EndGlobalSection
	GlobalSection(ProjectConfigurationPlatforms) = postSolution
		{F6553C4C-B7CB-44CA-BBCA-8109969FD2BF}.Debug|Any CPU.ActiveCfg = Debug|Any CPU
		{F6553C4C-B7CB-44CA-BBCA-8109969FD2BF}.Debug|Any CPU.Build.0 = Debug|Any CPU
		{F6553C4C-B7CB-44CA-BBCA-8109969FD2BF}.Release|Any CPU.ActiveCfg = Release|Any CPU
		{F6553C4C-B7CB-44CA-BBCA-8109969FD2BF}.Release|Any CPU.Build.0 = Release|Any CPU
	EndGlobalSection
	GlobalSection(SolutionProperties) = preSolution
		HideSolutionNode = FALSE
	EndGlobalSection
	GlobalSection(ExtensibilityGlobals) = postSolution
		SolutionGuid = {CB3729AA-13E1-4A5C-824C-B89E6FB59486}
	EndGlobalSection
EndGlobal
